
Microsoft Visual Studio Solution File, Format Version 12.00
# Visual Studio Version 17
VisualStudioVersion = 17.14.36623.8
MinimumVisualStudioVersion = 10.0.40219.1
Project("{2150E333-8FDC-42A3-9474-1A3956D46DE8}") = "SRC", "SRC", "{02EA681E-C7D8-13C7-8484-4AC65E1B71E8}"
EndProject
Project("{2150E333-8FDC-42A3-9474-1A3956D46DE8}") = "Core", "Core", "{F8390A5B-C3E5-4569-B0D0-59B20EEA781F}"
EndProject
Project("{2150E333-8FDC-42A3-9474-1A3956D46DE8}") = "Infrastructure", "Infrastructure", "{D95CC9B9-B54A-4FA3-9619-ACEE1860944A}"
EndProject
Project("{2150E333-8FDC-42A3-9474-1A3956D46DE8}") = "Console", "Console", "{688197B3-D097-420C-B3CD-8D68E8CB1135}"
EndProject
Project("{FAE04EC0-301F-11D3-BF4B-00C04F79EFBC}") = "ETLProjectDW.Core.Domain", "ETLProject.Core.Domain\ETLProjectDW.Core.Domain.csproj", "{101451EF-5B2D-4C94-A428-52D898B5C8B8}"
EndProject
Project("{FAE04EC0-301F-11D3-BF4B-00C04F79EFBC}") = "ETLProjectDW.Core.Application", "ETLProjectDW.Core.Application\ETLProjectDW.Core.Application.csproj", "{EFCF876E-20F6-46E3-BEFA-885736DC2C59}"
EndProject
Project("{FAE04EC0-301F-11D3-BF4B-00C04F79EFBC}") = "ETLProjectDW.Infrastructure.Share", "ETLProjectDW.Infrastructure.Share\ETLProjectDW.Infrastructure.Share.csproj", "{C89B2692-CB7F-407D-870F-89B009B837B1}"
EndProject
Project("{FAE04EC0-301F-11D3-BF4B-00C04F79EFBC}") = "ETLProject.Infrastructure.Persistence", "ETLProject.Infrastructure.Persistence\ETLProject.Infrastructure.Persistence.csproj", "{113251E2-13CC-4D6F-8C7C-45E29B640F31}"
EndProject
Project("{FAE04EC0-301F-11D3-BF4B-00C04F79EFBC}") = "Worker", "Worker\Worker.csproj", "{60CB039B-9A48-48BA-B1B1-87AD6D30A779}"
EndProject
Project("{FAE04EC0-301F-11D3-BF4B-00C04F79EFBC}") = "ETLProjectDW.APIs", "ETLProjectDW.APIs\ETLProjectDW.APIs.csproj", "{99E730D5-825F-4C43-9B72-94D835C2CD61}"
EndProject
Global
	GlobalSection(SolutionConfigurationPlatforms) = preSolution
		Debug|Any CPU = Debug|Any CPU
		Release|Any CPU = Release|Any CPU
	EndGlobalSection
	GlobalSection(ProjectConfigurationPlatforms) = postSolution
		{101451EF-5B2D-4C94-A428-52D898B5C8B8}.Debug|Any CPU.ActiveCfg = Debug|Any CPU
		{101451EF-5B2D-4C94-A428-52D898B5C8B8}.Debug|Any CPU.Build.0 = Debug|Any CPU
		{101451EF-5B2D-4C94-A428-52D898B5C8B8}.Release|Any CPU.ActiveCfg = Release|Any CPU
		{101451EF-5B2D-4C94-A428-52D898B5C8B8}.Release|Any CPU.Build.0 = Release|Any CPU
		{EFCF876E-20F6-46E3-BEFA-885736DC2C59}.Debug|Any CPU.ActiveCfg = Debug|Any CPU
		{EFCF876E-20F6-46E3-BEFA-885736DC2C59}.Debug|Any CPU.Build.0 = Debug|Any CPU
		{EFCF876E-20F6-46E3-BEFA-885736DC2C59}.Release|Any CPU.ActiveCfg = Release|Any CPU
		{EFCF876E-20F6-46E3-BEFA-885736DC2C59}.Release|Any CPU.Build.0 = Release|Any CPU
		{C89B2692-CB7F-407D-870F-89B009B837B1}.Debug|Any CPU.ActiveCfg = Debug|Any CPU
		{C89B2692-CB7F-407D-870F-89B009B837B1}.Debug|Any CPU.Build.0 = Debug|Any CPU
		{C89B2692-CB7F-407D-870F-89B009B837B1}.Release|Any CPU.ActiveCfg = Release|Any CPU
		{C89B2692-CB7F-407D-870F-89B009B837B1}.Release|Any CPU.Build.0 = Release|Any CPU
		{113251E2-13CC-4D6F-8C7C-45E29B640F31}.Debug|Any CPU.ActiveCfg = Debug|Any CPU
		{113251E2-13CC-4D6F-8C7C-45E29B640F31}.Debug|Any CPU.Build.0 = Debug|Any CPU
		{113251E2-13CC-4D6F-8C7C-45E29B640F31}.Release|Any CPU.ActiveCfg = Release|Any CPU
		{113251E2-13CC-4D6F-8C7C-45E29B640F31}.Release|Any CPU.Build.0 = Release|Any CPU
		{60CB039B-9A48-48BA-B1B1-87AD6D30A779}.Debug|Any CPU.ActiveCfg = Debug|Any CPU
		{60CB039B-9A48-48BA-B1B1-87AD6D30A779}.Debug|Any CPU.Build.0 = Debug|Any CPU
		{60CB039B-9A48-48BA-B1B1-87AD6D30A779}.Release|Any CPU.ActiveCfg = Release|Any CPU
		{60CB039B-9A48-48BA-B1B1-87AD6D30A779}.Release|Any CPU.Build.0 = Release|Any CPU
		{99E730D5-825F-4C43-9B72-94D835C2CD61}.Debug|Any CPU.ActiveCfg = Debug|Any CPU
		{99E730D5-825F-4C43-9B72-94D835C2CD61}.Debug|Any CPU.Build.0 = Debug|Any CPU
		{99E730D5-825F-4C43-9B72-94D835C2CD61}.Release|Any CPU.ActiveCfg = Release|Any CPU
		{99E730D5-825F-4C43-9B72-94D835C2CD61}.Release|Any CPU.Build.0 = Release|Any CPU
	EndGlobalSection
	GlobalSection(SolutionProperties) = preSolution
		HideSolutionNode = FALSE
	EndGlobalSection
	GlobalSection(NestedProjects) = preSolution
		{F8390A5B-C3E5-4569-B0D0-59B20EEA781F} = {02EA681E-C7D8-13C7-8484-4AC65E1B71E8}
		{D95CC9B9-B54A-4FA3-9619-ACEE1860944A} = {02EA681E-C7D8-13C7-8484-4AC65E1B71E8}
		{688197B3-D097-420C-B3CD-8D68E8CB1135} = {02EA681E-C7D8-13C7-8484-4AC65E1B71E8}
		{101451EF-5B2D-4C94-A428-52D898B5C8B8} = {F8390A5B-C3E5-4569-B0D0-59B20EEA781F}
		{EFCF876E-20F6-46E3-BEFA-885736DC2C59} = {F8390A5B-C3E5-4569-B0D0-59B20EEA781F}
		{C89B2692-CB7F-407D-870F-89B009B837B1} = {D95CC9B9-B54A-4FA3-9619-ACEE1860944A}
		{113251E2-13CC-4D6F-8C7C-45E29B640F31} = {D95CC9B9-B54A-4FA3-9619-ACEE1860944A}
		{60CB039B-9A48-48BA-B1B1-87AD6D30A779} = {688197B3-D097-420C-B3CD-8D68E8CB1135}
		{99E730D5-825F-4C43-9B72-94D835C2CD61} = {688197B3-D097-420C-B3CD-8D68E8CB1135}
	EndGlobalSection
	GlobalSection(ExtensibilityGlobals) = postSolution
		SolutionGuid = {DDC2B639-23A3-495A-8331-5797475FD017}
	EndGlobalSection
EndGlobal
